
Microsoft Visual Studio Solution File, Format Version 12.00
# Visual Studio 15
VisualStudioVersion = 15.0.27130.2003
MinimumVisualStudioVersion = 10.0.40219.1
Project("{FAE04EC0-301F-11D3-BF4B-00C04F79EFBC}") = "BeerWiki", "BeerWiki\BeerWiki.csproj", "{53DF9124-548E-4B7C-85C5-34A13BF246BF}"
EndProject
Project("{FAE04EC0-301F-11D3-BF4B-00C04F79EFBC}") = "BeerWiki.Tests", "BeerWiki.Tests\BeerWiki.Tests.csproj", "{FC142566-194E-48BD-86E6-766C9EA0BAB9}"
EndProject
Global
	GlobalSection(SolutionConfigurationPlatforms) = preSolution
		Debug|Any CPU = Debug|Any CPU
		Release|Any CPU = Release|Any CPU
	EndGlobalSection
	GlobalSection(ProjectConfigurationPlatforms) = postSolution
		{53DF9124-548E-4B7C-85C5-34A13BF246BF}.Debug|Any CPU.ActiveCfg = Debug|Any CPU
		{53DF9124-548E-4B7C-85C5-34A13BF246BF}.Debug|Any CPU.Build.0 = Debug|Any CPU
		{53DF9124-548E-4B7C-85C5-34A13BF246BF}.Release|Any CPU.ActiveCfg = Release|Any CPU
		{53DF9124-548E-4B7C-85C5-34A13BF246BF}.Release|Any CPU.Build.0 = Release|Any CPU
		{FC142566-194E-48BD-86E6-766C9EA0BAB9}.Debug|Any CPU.ActiveCfg = Debug|Any CPU
		{FC142566-194E-48BD-86E6-766C9EA0BAB9}.Debug|Any CPU.Build.0 = Debug|Any CPU
		{FC142566-194E-48BD-86E6-766C9EA0BAB9}.Release|Any CPU.ActiveCfg = Release|Any CPU
		{FC142566-194E-48BD-86E6-766C9EA0BAB9}.Release|Any CPU.Build.0 = Release|Any CPU
	EndGlobalSection
	GlobalSection(SolutionProperties) = preSolution
		HideSolutionNode = FALSE
	EndGlobalSection
	GlobalSection(ExtensibilityGlobals) = postSolution
		SolutionGuid = {700335A5-FBCB-4A2A-A078-2930F299012C}
	EndGlobalSection
EndGlobal
